version = 1
revision = 1
requires-python = ">=3.12"
resolution-markers = [
    "sys_platform != 'linux' and 'freebsd' in sys_platform",
    "sys_platform != 'linux' and 'freebsd' not in sys_platform",
    "sys_platform == 'linux' and 'freebsd' in sys_platform",
    "sys_platform == 'linux' and 'freebsd' not in sys_platform",
]

[[package]]
name = "altgraph"
version = "0.17.4"
source = { registry = "https://pypi.org/simple" }
sdist = { url = "https://files.pythonhosted.org/packages/de/a8/7145824cf0b9e3c28046520480f207df47e927df83aa9555fb47f8505922/altgraph-0.17.4.tar.gz", hash = "sha256:1b5afbb98f6c4dcadb2e2ae6ab9fa994bbb8c1d75f4fa96d340f9437ae454406", size = 48418 }
wheels = [
    { url = "https://files.pythonhosted.org/packages/4d/3f/3bc3f1d83f6e4a7fcb834d3720544ca597590425be5ba9db032b2bf322a2/altgraph-0.17.4-py2.py3-none-any.whl", hash = "sha256:642743b4750de17e655e6711601b077bc6598dbfa3ba5fa2b2a35ce12b508dff", size = 21212 },
]

[[package]]
name = "cffi"
version = "1.17.1"
source = { registry = "https://pypi.org/simple" }
dependencies = [
    { name = "pycparser", marker = "sys_platform != 'linux'" },
]
sdist = { url = "https://files.pythonhosted.org/packages/fc/97/c783634659c2920c3fc70419e3af40972dbaf758daa229a7d6ea6135c90d/cffi-1.17.1.tar.gz", hash = "sha256:1c39c6016c32bc48dd54561950ebd6836e1670f2ae46128f67cf49e789c52824", size = 516621 }
wheels = [
    { url = "https://files.pythonhosted.org/packages/86/c5/28b2d6f799ec0bdecf44dced2ec5ed43e0eb63097b0f58c293583b406582/cffi-1.17.1-cp312-cp312-win32.whl", hash = "sha256:a08d7e755f8ed21095a310a693525137cfe756ce62d066e53f502a83dc550f65", size = 172448 },
    { url = "https://files.pythonhosted.org/packages/50/b9/db34c4755a7bd1cb2d1603ac3863f22bcecbd1ba29e5ee841a4bc510b294/cffi-1.17.1-cp312-cp312-win_amd64.whl", hash = "sha256:51392eae71afec0d0c8fb1a53b204dbb3bcabcb3c9b807eedf3e1e6ccf2de903", size = 181976 },
    { url = "https://files.pythonhosted.org/packages/bf/ee/f94057fa6426481d663b88637a9a10e859e492c73d0384514a17d78ee205/cffi-1.17.1-cp313-cp313-win32.whl", hash = "sha256:e03eab0a8677fa80d646b5ddece1cbeaf556c313dcfac435ba11f107ba117b5d", size = 172475 },
    { url = "https://files.pythonhosted.org/packages/7c/fc/6a8cb64e5f0324877d503c854da15d76c1e50eb722e320b15345c4d0c6de/cffi-1.17.1-cp313-cp313-win_amd64.whl", hash = "sha256:f6a16c31041f09ead72d69f583767292f750d24913dadacf5756b966aacb3f1a", size = 182009 },
]

[[package]]
name = "clr-loader"
version = "0.2.7.post0"
source = { registry = "https://pypi.org/simple" }
dependencies = [
    { name = "cffi", marker = "python_full_version >= '3.12' and sys_platform != 'linux'" },
]
sdist = { url = "https://files.pythonhosted.org/packages/d5/b3/8ae917e458394e2cebdbf17bed0a8204f8d4ffc79a093a7b1141c7731d3c/clr_loader-0.2.7.post0.tar.gz", hash = "sha256:b7a8b3f8fbb1bcbbb6382d887e21d1742d4f10b5ea209e4ad95568fe97e1c7c6", size = 56701 }
wheels = [
    { url = "https://files.pythonhosted.org/packages/9c/c0/06e64a54bced4e8b885c1e7ec03ee1869e52acf69e87da40f92391a214ad/clr_loader-0.2.7.post0-py3-none-any.whl", hash = "sha256:e0b9fcc107d48347a4311a28ffe3ae78c4968edb216ffb6564cb03f7ace0bb47", size = 50649 },
]

[[package]]
name = "fonttools"
version = "4.58.1"
source = { registry = "https://pypi.org/simple" }
sdist = { url = "https://files.pythonhosted.org/packages/3e/7a/30c581aeaa86d94e7a29344bccefd2408870bf5b0e7640b6f4ffede61bd0/fonttools-4.58.1.tar.gz", hash = "sha256:cbc8868e0a29c3e22628dfa1432adf7a104d86d1bc661cecc3e9173070b6ab2d", size = 3519505 }
wheels = [
    { url = "https://files.pythonhosted.org/packages/32/97/ed1078b1e138fbc0b4ee75878000d549a70c02d83bb4e557e416efc34140/fonttools-4.58.1-cp312-cp312-macosx_10_13_universal2.whl", hash = "sha256:f56085a65769dc0100822c814069327541db9c3c4f21e599c6138f9dbda75e96", size = 2740473 },
    { url = "https://files.pythonhosted.org/packages/28/35/53d49fb7d6b30128153d11628b976fda3ce8ae44234b5a81c4edb3023798/fonttools-4.58.1-cp312-cp312-macosx_10_13_x86_64.whl", hash = "sha256:19c65a88e522c9f1be0c05d73541de20feada99d23d06e9b5354023cc3e517b0", size = 2309936 },
    { url = "https://files.pythonhosted.org/packages/83/7a/7ed2e4e381f9b1f5122d33b7e626a40f646cacc1ef72d8806aacece9e580/fonttools-4.58.1-cp313-cp313-macosx_10_13_universal2.whl", hash = "sha256:68379d1599fc59569956a97eb7b07e0413f76142ac8513fa24c9f2c03970543a", size = 2731231 },
    { url = "https://files.pythonhosted.org/packages/e7/28/74864dc9248e917cbe07c903e0ce1517c89d42e2fab6b0ce218387ef0e24/fonttools-4.58.1-cp313-cp313-macosx_10_13_x86_64.whl", hash = "sha256:8631905657de4f9a7ae1e12186c1ed20ba4d6168c2d593b9e0bd2908061d341b", size = 2305224 },
    { url = "https://files.pythonhosted.org/packages/21/ff/995277586691c0cc314c28b24b4ec30610440fd7bf580072aed1409f95b0/fonttools-4.58.1-py3-none-any.whl", hash = "sha256:db88365d0962cd6f5bce54b190a4669aeed9c9941aa7bd60a5af084d8d9173d6", size = 1113429 },
]

[[package]]
name = "macholib"
version = "1.16.3"
source = { registry = "https://pypi.org/simple" }
dependencies = [
    { name = "altgraph", marker = "sys_platform != 'linux'" },
]
sdist = { url = "https://files.pythonhosted.org/packages/95/ee/af1a3842bdd5902ce133bd246eb7ffd4375c38642aeb5dc0ae3a0329dfa2/macholib-1.16.3.tar.gz", hash = "sha256:07ae9e15e8e4cd9a788013d81f5908b3609aa76f9b1421bae9c4d7606ec86a30", size = 59309 }
wheels = [
    { url = "https://files.pythonhosted.org/packages/d1/5d/c059c180c84f7962db0aeae7c3b9303ed1d73d76f2bfbc32bc231c8be314/macholib-1.16.3-py2.py3-none-any.whl", hash = "sha256:0e315d7583d38b8c77e815b1ecbdbf504a8258d8b3e17b61165c6feb60d18f2c", size = 38094 },
]

[[package]]
name = "packaging"
version = "25.0"
source = { registry = "https://pypi.org/simple" }
sdist = { url = "https://files.pythonhosted.org/packages/a1/d4/1fc4078c65507b51b96ca8f8c3ba19e6a61c8253c72794544580a7b6c24d/packaging-25.0.tar.gz", hash = "sha256:d443872c98d677bf60f6a1f2f8c1cb748e8fe762d2bf9d3148b5599295b0fc4f", size = 165727 }
wheels = [
    { url = "https://files.pythonhosted.org/packages/20/12/38679034af332785aac8774540895e234f4d07f7545804097de4b666afd8/packaging-25.0-py3-none-any.whl", hash = "sha256:29572ef2b1f17581046b3a2227d5c611fb25ec70ca1ba8554b24b0e69331a484", size = 66469 },
]

[[package]]
name = "pefile"
version = "2023.2.7"
source = { registry = "https://pypi.org/simple" }
sdist = { url = "https://files.pythonhosted.org/packages/78/c5/3b3c62223f72e2360737fd2a57c30e5b2adecd85e70276879609a7403334/pefile-2023.2.7.tar.gz", hash = "sha256:82e6114004b3d6911c77c3953e3838654b04511b8b66e8583db70c65998017dc", size = 74854 }
wheels = [
    { url = "https://files.pythonhosted.org/packages/55/26/d0ad8b448476d0a1e8d3ea5622dc77b916db84c6aa3cb1e1c0965af948fc/pefile-2023.2.7-py3-none-any.whl", hash = "sha256:da185cd2af68c08a6cd4481f7325ed600a88f6a813bad9dea07ab3ef73d8d8d6", size = 71791 },
]

[[package]]
name = "pycairo"
version = "1.28.0"
source = { registry = "https://pypi.org/simple" }
sdist = { url = "https://files.pythonhosted.org/packages/40/d9/412da520de9052b7e80bfc810ec10f5cb3dbfa4aa3e23c2820dc61cdb3d0/pycairo-1.28.0.tar.gz", hash = "sha256:26ec5c6126781eb167089a123919f87baa2740da2cca9098be8b3a6b91cc5fbc", size = 662477 }
wheels = [
    { url = "https://files.pythonhosted.org/packages/a9/d7/206d7945aac5c6c889e7fea4011410d1311455a1d8dfce66106d8d700b7f/pycairo-1.28.0-cp312-cp312-win32.whl", hash = "sha256:c00cfbb7f30eb7ca1d48886712932e2d91e8835a8496f4e423878296ceba573e", size = 750594 },
    { url = "https://files.pythonhosted.org/packages/2e/ba/259fc9a4d3afdad1e5b9db52b9d8a5df67f70dd787167185e8ec8a1af007/pycairo-1.28.0-cp312-cp312-win_amd64.whl", hash = "sha256:d50d190f5033992b55050b9f337ee42a45c3568445d5e5d7987bab96c278d8a6", size = 841767 },
    { url = "https://files.pythonhosted.org/packages/c0/08/aa0903612ea0e8686ad6af58d4fb9cbab8ee0b0831201cddf7abd578d045/pycairo-1.28.0-cp312-cp312-win_arm64.whl", hash = "sha256:957e0340ee1c279d197d4f7cfa96f6d8b48e453eec711fca999748d752468ff4", size = 691687 },
    { url = "https://files.pythonhosted.org/packages/59/a7/c3e5ed55781dfe1b31eb4a2482aeae707671f3d36b0ea53a1722f4a3dfe9/pycairo-1.28.0-cp313-cp313-win32.whl", hash = "sha256:d13352429d8a08a1cb3607767d23d2fb32e4c4f9faa642155383980ec1478c24", size = 750594 },
    { url = "https://files.pythonhosted.org/packages/8b/1c/ebadd290748aff3b6bc35431114d41e7a42f40a4b988c2aaf2dfed5d8156/pycairo-1.28.0-cp313-cp313-win_amd64.whl", hash = "sha256:082aef6b3a9dcc328fa648d38ed6b0a31c863e903ead57dd184b2e5f86790140", size = 841774 },
    { url = "https://files.pythonhosted.org/packages/3e/ce/a3f5f1946613cd8a4654322b878c59f273c6e9b01dfadadd3f609070e0b9/pycairo-1.28.0-cp313-cp313-win_arm64.whl", hash = "sha256:026afd53b75291917a7412d9fe46dcfbaa0c028febd46ff1132d44a53ac2c8b6", size = 691675 },
]

[[package]]
name = "pycparser"
version = "2.22"
source = { registry = "https://pypi.org/simple" }
sdist = { url = "https://files.pythonhosted.org/packages/1d/b2/31537cf4b1ca988837256c910a668b553fceb8f069bedc4b1c826024b52c/pycparser-2.22.tar.gz", hash = "sha256:491c8be9c040f5390f5bf44a5b07752bd07f56edf992381b05c701439eec10f6", size = 172736 }
wheels = [
    { url = "https://files.pythonhosted.org/packages/13/a3/a812df4e2dd5696d1f351d58b8fe16a405b234ad2886a0dab9183fb78109/pycparser-2.22-py3-none-any.whl", hash = "sha256:c3702b6d3dd8c7abc1afa565d7e63d53a1d0bd86cdc24edd75470f4de499cfcc", size = 117552 },
]

[[package]]
name = "pygetwindow"
version = "0.0.9"
source = { registry = "https://pypi.org/simple" }
dependencies = [
    { name = "pyrect" },
]
sdist = { url = "https://files.pythonhosted.org/packages/e1/70/c7a4f46dbf06048c6d57d9489b8e0f9c4c3d36b7479f03c5ca97eaa2541d/PyGetWindow-0.0.9.tar.gz", hash = "sha256:17894355e7d2b305cd832d717708384017c1698a90ce24f6f7fbf0242dd0a688", size = 9699 }

[[package]]
name = "pygobject"
version = "3.52.3"
source = { registry = "https://pypi.org/simple" }
dependencies = [
    { name = "pycairo", marker = "'freebsd' in sys_platform or sys_platform == 'linux'" },
]
sdist = { url = "https://files.pythonhosted.org/packages/4a/36/fec530a313d3d48f12e112ac0a65ee3ccc87f385123a0493715609e8e99c/pygobject-3.52.3.tar.gz", hash = "sha256:00e427d291e957462a8fad659a9f9c8be776ff82a8b76bdf402f1eaeec086d82", size = 1235825 }

[[package]]
name = "pyinstaller"
version = "6.14.0"
source = { registry = "https://pypi.org/simple" }
dependencies = [
    { name = "altgraph" },
    { name = "macholib", marker = "sys_platform == 'darwin'" },
    { name = "packaging" },
    { name = "pefile", marker = "sys_platform == 'win32'" },
    { name = "pyinstaller-hooks-contrib" },
    { name = "pywin32-ctypes", marker = "sys_platform == 'win32'" },
    { name = "setuptools" },
]
sdist = { url = "https://files.pythonhosted.org/packages/7e/dc/4ec9284d14952d3a4902c29b0c86314cad8de35104b5c1d6e001b914c0f5/pyinstaller-6.14.0.tar.gz", hash = "sha256:cc55cdc21491722d74133e35ab363a88679b37ee2d76f9d80adcbc0ae862d630", size = 4284182 }
wheels = [
    { url = "https://files.pythonhosted.org/packages/69/f6/7aaee3c4289ee3784b48229b2155d04936c514f66af29ced60cdf4c576b8/pyinstaller-6.14.0-py3-none-macosx_10_13_universal2.whl", hash = "sha256:20b4dcaf17a27cf5d5417f9dc53e81adf417d22e4d8c4afe50ae20dacdc1cde6", size = 999807 },
    { url = "https://files.pythonhosted.org/packages/a9/bb/96a83e17c72cbe0eac385c6101b82881ba86c30f852b27824e98c99aaef1/pyinstaller-6.14.0-py3-none-manylinux2014_aarch64.whl", hash = "sha256:57982d0ebeb39e9a5dd8722bed871873ec59161613d8b09ca638adbd4fb4e592", size = 719439 },
    { url = "https://files.pythonhosted.org/packages/66/ae/1415822212ca69fb29ac0b961ee6103ea90be2d8e5fe00b39db6340c8c7d/pyinstaller-6.14.0-py3-none-manylinux2014_i686.whl", hash = "sha256:d75492d4a7ece299b580837cb027cf7742cea5e92dfec0bb4c6064816c009b59", size = 729694 },
    { url = "https://files.pythonhosted.org/packages/49/e3/757efe36330f79efcdd9b288514082f786e35832458da5ef84cf24905209/pyinstaller-6.14.0-py3-none-manylinux2014_ppc64le.whl", hash = "sha256:ca5ad60e210a7eb1c968d09deb85b645963bf24dcb8ed4af93c293ea526a08e6", size = 727807 },
    { url = "https://files.pythonhosted.org/packages/fe/d4/17a7c81cc82d33119f0b3d751d30e253a14b04087059ae9fa15c7dd8707a/pyinstaller-6.14.0-py3-none-manylinux2014_s390x.whl", hash = "sha256:af8c973543e976bd660f83a43089cabd3c41e98398f53fa179ef7eee4d5fe3b0", size = 724631 },
    { url = "https://files.pythonhosted.org/packages/ff/03/eeb4af303f5eb0a2cb5cdc8ae1053894f53057c1e218d1252669aebcadde/pyinstaller-6.14.0-py3-none-manylinux2014_x86_64.whl", hash = "sha256:640f68e50d22684aa5970c2f3a6490d2e7c16bd5c20c63f5541c0e50e5bd2391", size = 724827 },
    { url = "https://files.pythonhosted.org/packages/49/3d/26e860641655adb2bf4aed243351abefff258551a1811ffe60b03f5bb514/pyinstaller-6.14.0-py3-none-musllinux_1_1_aarch64.whl", hash = "sha256:3c2c88a355223d13704b5153dc341e02699523363cc18c49d872c8e82b5c6063", size = 724002 },
    { url = "https://files.pythonhosted.org/packages/52/28/5f442033ed7f89badc93112421248c848470d5d1fbcd226fabd9d4e71475/pyinstaller-6.14.0-py3-none-musllinux_1_1_x86_64.whl", hash = "sha256:9af257dc72d6b2027ab8a4c217eda07a6e6efa8ae9223953fd721aa9baec9106", size = 723717 },
    { url = "https://files.pythonhosted.org/packages/a1/38/5ad380af42229b77afd7536d8ecec0b89db37e7d83f9c80780db365d17bf/pyinstaller-6.14.0-py3-none-win32.whl", hash = "sha256:083d97ee52077bc21a8e8beaede394dfd8d19da8bafc03ebc6734949d63d74a1", size = 1299615 },
    { url = "https://files.pythonhosted.org/packages/b4/89/e8b850913b998ac2999ffd75dc9b6c30ac7b341ba674f22b6fe8c962074c/pyinstaller-6.14.0-py3-none-win_amd64.whl", hash = "sha256:c62c3e0f768d4f90c0329c5e2616d8fff5c041dc4864a28e74d653d0e77aff1a", size = 1357494 },
    { url = "https://files.pythonhosted.org/packages/fe/df/83e5fbcd247f1e9b38f381db6870dcba57078f24612b02b2604799e8b3fc/pyinstaller-6.14.0-py3-none-win_arm64.whl", hash = "sha256:adf130c72e98ced09df5c43d7ca271d701a730036980da75cae056325cbc2dcd", size = 1298477 },
]

[[package]]
name = "pyinstaller-hooks-contrib"
version = "2025.4"
source = { registry = "https://pypi.org/simple" }
dependencies = [
    { name = "packaging" },
    { name = "setuptools" },
]
sdist = { url = "https://files.pythonhosted.org/packages/e3/94/dfc5c7903306211798f990e6794c2eb7b8685ac487b26979e9255790419c/pyinstaller_hooks_contrib-2025.4.tar.gz", hash = "sha256:5ce1afd1997b03e70f546207031cfdf2782030aabacc102190677059e2856446", size = 162628 }
wheels = [
    { url = "https://files.pythonhosted.org/packages/d3/e1/ed48c7074145898e5c5b0072e87be975c5bd6a1d0f08c27a1daa7064fca0/pyinstaller_hooks_contrib-2025.4-py3-none-any.whl", hash = "sha256:6c2d73269b4c484eb40051fc1acee0beb113c2cfb3b37437b8394faae6f0d072", size = 434451 },
]

[[package]]
name = "pyrect"
version = "0.2.0"
source = { registry = "https://pypi.org/simple" }
sdist = { url = "https://files.pythonhosted.org/packages/cb/04/2ba023d5f771b645f7be0c281cdacdcd939fe13d1deb331fc5ed1a6b3a98/PyRect-0.2.0.tar.gz", hash = "sha256:f65155f6df9b929b67caffbd57c0947c5ae5449d3b580d178074bffb47a09b78", size = 17219 }

[[package]]
name = "pythonnet"
version = "3.0.5"
source = { registry = "https://pypi.org/simple" }
dependencies = [
    { name = "clr-loader", marker = "sys_platform != 'linux'" },
]
sdist = { url = "https://files.pythonhosted.org/packages/9a/d6/1afd75edd932306ae9bd2c2d961d603dc2b52fcec51b04afea464f1f6646/pythonnet-3.0.5.tar.gz", hash = "sha256:48e43ca463941b3608b32b4e236db92d8d40db4c58a75ace902985f76dac21cf", size = 239212 }
wheels = [
    { url = "https://files.pythonhosted.org/packages/cd/f1/bfb6811df4745f92f14c47a29e50e89a36b1533130fcc56452d4660bd2d6/pythonnet-3.0.5-py3-none-any.whl", hash = "sha256:f6702d694d5d5b163c9f3f5cc34e0bed8d6857150237fae411fefb883a656d20", size = 297506 },
]

[[package]]
name = "pywin32"
version = "310"
source = { registry = "https://pypi.org/simple" }
wheels = [
    { url = "https://files.pythonhosted.org/packages/6b/ec/4fdbe47932f671d6e348474ea35ed94227fb5df56a7c30cbbb42cd396ed0/pywin32-310-cp312-cp312-win32.whl", hash = "sha256:8a75a5cc3893e83a108c05d82198880704c44bbaee4d06e442e471d3c9ea4f3d", size = 8796239 },
    { url = "https://files.pythonhosted.org/packages/e3/e5/b0627f8bb84e06991bea89ad8153a9e50ace40b2e1195d68e9dff6b03d0f/pywin32-310-cp312-cp312-win_amd64.whl", hash = "sha256:bf5c397c9a9a19a6f62f3fb821fbf36cac08f03770056711f765ec1503972060", size = 9503839 },
    { url = "https://files.pythonhosted.org/packages/1f/32/9ccf53748df72301a89713936645a664ec001abd35ecc8578beda593d37d/pywin32-310-cp312-cp312-win_arm64.whl", hash = "sha256:2349cc906eae872d0663d4d6290d13b90621eaf78964bb1578632ff20e152966", size = 8459470 },
    { url = "https://files.pythonhosted.org/packages/1c/09/9c1b978ffc4ae53999e89c19c77ba882d9fce476729f23ef55211ea1c034/pywin32-310-cp313-cp313-win32.whl", hash = "sha256:5d241a659c496ada3253cd01cfaa779b048e90ce4b2b38cd44168ad555ce74ab", size = 8794384 },
    { url = "https://files.pythonhosted.org/packages/45/3c/b4640f740ffebadd5d34df35fecba0e1cfef8fde9f3e594df91c28ad9b50/pywin32-310-cp313-cp313-win_amd64.whl", hash = "sha256:667827eb3a90208ddbdcc9e860c81bde63a135710e21e4cb3348968e4bd5249e", size = 9503039 },
    { url = "https://files.pythonhosted.org/packages/b4/f4/f785020090fb050e7fb6d34b780f2231f302609dc964672f72bfaeb59a28/pywin32-310-cp313-cp313-win_arm64.whl", hash = "sha256:e308f831de771482b7cf692a1f308f8fca701b2d8f9dde6cc440c7da17e47b33", size = 8458152 },
]

[[package]]
name = "pywin32-ctypes"
version = "0.2.3"
source = { registry = "https://pypi.org/simple" }
sdist = { url = "https://files.pythonhosted.org/packages/85/9f/01a1a99704853cb63f253eea009390c88e7131c67e66a0a02099a8c917cb/pywin32-ctypes-0.2.3.tar.gz", hash = "sha256:d162dc04946d704503b2edc4d55f3dba5c1d539ead017afa00142c38b9885755", size = 29471 }
wheels = [
    { url = "https://files.pythonhosted.org/packages/de/3d/8161f7711c017e01ac9f008dfddd9410dff3674334c233bde66e7ba65bbf/pywin32_ctypes-0.2.3-py3-none-any.whl", hash = "sha256:8a1513379d709975552d202d942d9837758905c8d01eb82b8bcc30918929e7b8", size = 30756 },
]

[[package]]
name = "rubicon-objc"
version = "0.5.1"
source = { registry = "https://pypi.org/simple" }
sdist = { url = "https://files.pythonhosted.org/packages/e0/83/e57741dcf862a2581d53eccf8b11749c97f73d9754bbc538fb6c7b527da3/rubicon_objc-0.5.1.tar.gz", hash = "sha256:90bee9fc1de4515e17615e15648989b88bb8d4d2ffc8c7c52748272cd7f30a66", size = 174639 }
wheels = [
    { url = "https://files.pythonhosted.org/packages/58/0a/e451c3dbda38dd6abab1fd16c3b35623fc0635dffcbbf97f1acc55a58508/rubicon_objc-0.5.1-py3-none-any.whl", hash = "sha256:17092756241b8370231cfaad45ad6e8ce99534987f2acbc944d65df5bdf8f6cd", size = 63323 },
]

[[package]]
name = "setuptools"
version = "80.9.0"
source = { registry = "https://pypi.org/simple" }
sdist = { url = "https://files.pythonhosted.org/packages/18/5d/3bf57dcd21979b887f014ea83c24ae194cfcd12b9e0fda66b957c69d1fca/setuptools-80.9.0.tar.gz", hash = "sha256:f36b47402ecde768dbfafc46e8e4207b4360c654f1f3bb84475f0a28628fb19c", size = 1319958 }
wheels = [
    { url = "https://files.pythonhosted.org/packages/a3/dc/17031897dae0efacfea57dfd3a82fdd2a2aeb58e0ff71b77b87e44edc772/setuptools-80.9.0-py3-none-any.whl", hash = "sha256:062d34222ad13e0cc312a4c02d73f059e86a4acbfbdea8f8f76b28c99f306922", size = 1201486 },
]

[[package]]
name = "toga"
version = "0.5.1"
source = { registry = "https://pypi.org/simple" }
dependencies = [
    { name = "toga-android", marker = "sys_platform == 'android'" },
    { name = "toga-cocoa", marker = "sys_platform == 'darwin'" },
    { name = "toga-gtk", marker = "'freebsd' in sys_platform or sys_platform == 'linux'" },
    { name = "toga-ios", marker = "sys_platform == 'ios'" },
    { name = "toga-web", marker = "sys_platform == 'emscripten'" },
    { name = "toga-winforms", marker = "sys_platform == 'win32'" },
]
sdist = { url = "https://files.pythonhosted.org/packages/17/e7/0924150329474d61e9f40f8bba1056d640cba22438e05355924019111b46/toga-0.5.1.tar.gz", hash = "sha256:985485d887ac95cbd12b604bddc70c0cbe22adde169ae96d1e13b7a3e74ca433", size = 3930 }
wheels = [
    { url = "https://files.pythonhosted.org/packages/2b/1a/6a9c8230ad30e819f0965bbd596c736a03e16003d27b0363c632c84d4861/toga-0.5.1-py3-none-any.whl", hash = "sha256:281a4612bcc761ae435099ae7f9fd6ba2f29976cee3f171fba04929aa1c2371f", size = 3358 },
]

[[package]]
name = "toga-android"
version = "0.5.1"
source = { registry = "https://pypi.org/simple" }
dependencies = [
    { name = "toga-core", marker = "sys_platform != 'linux'" },
]
sdist = { url = "https://files.pythonhosted.org/packages/0f/4a/1b4e4ced45fa13810ea53605c81ed5e8231872f87883eb9c029d3908ef59/toga_android-0.5.1.tar.gz", hash = "sha256:7174da1e7c3356d23fa1fb63a8295f9f50ac9cf1fd60ea95906d784040bbaf43", size = 74754 }
wheels = [
    { url = "https://files.pythonhosted.org/packages/36/1e/eb85993334af82bc48b28d556196bbde14ccc58843bfc71df4398041b01d/toga_android-0.5.1-py3-none-any.whl", hash = "sha256:e9f0139d48e9743e3823824c8f69b46f928ee948d4d7ac370d5e7724fd089b89", size = 69089 },
]

[[package]]
name = "toga-cocoa"
version = "0.5.1"
source = { registry = "https://pypi.org/simple" }
dependencies = [
    { name = "fonttools", marker = "sys_platform != 'linux'" },
    { name = "rubicon-objc", marker = "sys_platform != 'linux'" },
    { name = "toga-core", marker = "sys_platform != 'linux'" },
]
sdist = { url = "https://files.pythonhosted.org/packages/2f/2a/23459ced31af519b8c6135fcefa503fca83a554a1d0c7fe83b7082bc5596/toga_cocoa-0.5.1.tar.gz", hash = "sha256:0cb55e52d616791f6d47b147cbe8e2f91de7da2390861d3d4276f9def423b52d", size = 468752 }
wheels = [
    { url = "https://files.pythonhosted.org/packages/3f/96/f36cfde95a4ae0dab0322cd3358f81ebce7dfae48dd3d1e520b39eac4a11/toga_cocoa-0.5.1-py3-none-any.whl", hash = "sha256:29aeab8f9b8b4077fd07f9cf989f4f0a4be73f439662209c855607f013049fea", size = 465277 },
]

[[package]]
name = "toga-core"
version = "0.5.1"
source = { registry = "https://pypi.org/simple" }
dependencies = [
    { name = "travertino" },
]
sdist = { url = "https://files.pythonhosted.org/packages/21/28/37ce25ad1b18c1470c9f22696050e97bef91a5e9713d77f215e86bd375f8/toga_core-0.5.1.tar.gz", hash = "sha256:5d53fe29bfd8f401015b89169ef9dba3b938768769c2e6d2046508d51738c3ab", size = 1017544 }
wheels = [
    { url = "https://files.pythonhosted.org/packages/0c/4d/17ca5500194cad90d4f66928b45434f8662457cbd3844a16b6afa8b2d105/toga_core-0.5.1-py3-none-any.whl", hash = "sha256:6ba33b79d268b4c57c0e849d0f61f7e06c1f6651ca4c2a08eedc0c9caaa0dd5b", size = 143797 },
]

[[package]]
name = "toga-gtk"
version = "0.5.1"
source = { registry = "https://pypi.org/simple" }
dependencies = [
    { name = "pycairo", marker = "'freebsd' in sys_platform or sys_platform == 'linux'" },
    { name = "pygobject", marker = "'freebsd' in sys_platform or sys_platform == 'linux'" },
    { name = "toga-core", marker = "'freebsd' in sys_platform or sys_platform == 'linux'" },
]
sdist = { url = "https://files.pythonhosted.org/packages/b4/55/ef97e2bba5704e5132252f440102bf5bc2ff9d1db66e51ed108afc14648d/toga_gtk-0.5.1.tar.gz", hash = "sha256:eb4505278da4d0633252edfd93833e2018bf572315aaf3f506219eaf0ff99467", size = 75021 }
wheels = [
    { url = "https://files.pythonhosted.org/packages/42/a3/62dba9191a36aab510d02ee38545fa4d3200c6a6e7512f421813c71a8d4a/toga_gtk-0.5.1-py3-none-any.whl", hash = "sha256:82a4eae8e20bc4bac9346e50caceae81307803cb87ee65575e0ebe9f26563066", size = 70939 },
]

[[package]]
name = "toga-ios"
version = "0.5.1"
source = { registry = "https://pypi.org/simple" }
dependencies = [
    { name = "fonttools", marker = "sys_platform != 'linux'" },
    { name = "rubicon-objc", marker = "sys_platform != 'linux'" },
    { name = "toga-core", marker = "sys_platform != 'linux'" },
]
sdist = { url = "https://files.pythonhosted.org/packages/b6/16/6246d841b81937919742ef259dfce9c8976ad037f04a1e95267f64713201/toga_ios-0.5.1.tar.gz", hash = "sha256:5a038d2fdac4488e074a05d37b4341511b62bba873db0bf63ec93936e021b923", size = 439475 }
wheels = [
    { url = "https://files.pythonhosted.org/packages/a9/b4/89e061b8f2102c1e24479c053f1bb23a2d80bb9c3838a0d92ee97d6735f6/toga_ios-0.5.1-py3-none-any.whl", hash = "sha256:b5bedf3147f7c0696fbf90a48fce1626870f3b5067ccf906532ad0dec4edba05", size = 436768 },
]

[[package]]
name = "toga-web"
version = "0.5.1"
source = { registry = "https://pypi.org/simple" }
dependencies = [
    { name = "toga-core", marker = "sys_platform != 'linux'" },
]
sdist = { url = "https://files.pythonhosted.org/packages/41/f7/62e27817f008455d8af47d5faecda58a878dde48501c1992c781d740b8ff/toga_web-0.5.1.tar.gz", hash = "sha256:f2a9a7edf07e7998249b632faf9de7c21318d80181b08c89492f8a13bbe222f9", size = 18054 }
wheels = [
    { url = "https://files.pythonhosted.org/packages/6b/f7/91e991d91668d1fa8136d65496ccf0069cd933c857d17e7bc982b45aef5e/toga_web-0.5.1-py3-none-any.whl", hash = "sha256:e3a8c9f5875b9a97c6662734e1c97b113b408b579cdf6190c3fbf8811c057f8d", size = 22891 },
]

[[package]]
name = "toga-winforms"
version = "0.5.1"
source = { registry = "https://pypi.org/simple" }
dependencies = [
    { name = "pythonnet", marker = "sys_platform != 'linux'" },
    { name = "toga-core", marker = "sys_platform != 'linux'" },
]
sdist = { url = "https://files.pythonhosted.org/packages/63/b0/af64d2b7131b479ebc4f80f80171f2384f4dc6e038d742475fc3d9849295/toga_winforms-0.5.1.tar.gz", hash = "sha256:a2f56bf4ba62ba76228db83bdc434b890949c2fd04a60057d7a0421667959b86", size = 460361 }
wheels = [
    { url = "https://files.pythonhosted.org/packages/ab/8e/93e79ac907a9a2322cc485c346254561fe37eb7b08f8e810ecf2c1ac399f/toga_winforms-0.5.1-py3-none-any.whl", hash = "sha256:301879801419488832f6f02f5ba337ae446e5bbc00bfdbcc99c5135218708cd2", size = 460869 },
]

[[package]]
name = "travertino"
version = "0.5.1"
source = { registry = "https://pypi.org/simple" }
sdist = { url = "https://files.pythonhosted.org/packages/1f/89/ef8c7b6c59ba6587274c5b9dad8b52e2f934333902e978954244d80a537b/travertino-0.5.1.tar.gz", hash = "sha256:a2b01642d68b300200a6a4e685f6778375d828974a2eec4ab10bd775d602f412", size = 44627 }
wheels = [
    { url = "https://files.pythonhosted.org/packages/f8/42/360e6ceae73ee8b07aae743bedd1a627a9a5464dd74097c50516774419d2/travertino-0.5.1-py3-none-any.whl", hash = "sha256:b478ae05852465959ff6bbdf6f8f5646cccb3675f6afcc1e089723108b19d49d", size = 24345 },
]

[[package]]
name = "windowpositioner"
version = "0.3.0"
source = { virtual = "." }
dependencies = [
    { name = "pygetwindow" },
    { name = "pyinstaller" },
    { name = "pywin32" },
    { name = "toga" },
]

[package.metadata]
requires-dist = [
    { name = "pygetwindow", specifier = ">=0.0.9" },
    { name = "pyinstaller", specifier = ">=6.14.0" },
    { name = "pywin32", specifier = ">=310" },
    { name = "toga", specifier = ">=0.5.1" },
]
